
Microsoft Visual Studio Solution File, Format Version 12.00
# Visual Studio Version 17
VisualStudioVersion = 17.0.31903.59
MinimumVisualStudioVersion = 10.0.40219.1
Project("{FAE04EC0-301F-11D3-BF4B-00C04F79EFBC}") = "ConsoleClient", "ConsoleClient\ConsoleClient.csproj", "{99B429E2-F866-48F0-A1BB-62D8067FC0F7}"
EndProject
Project("{2150E333-8FDC-42A3-9474-1A3956D46DE8}") = "Managers", "Managers", "{062DED4C-E3FF-4F85-BC56-E17E16EFD3A0}"
EndProject
Project("{2150E333-8FDC-42A3-9474-1A3956D46DE8}") = "Engines", "Engines", "{59A01CD5-198B-4954-8433-04FC7AB8EED0}"
EndProject
Project("{2150E333-8FDC-42A3-9474-1A3956D46DE8}") = "ResourceAccess", "ResourceAccess", "{3609EDE8-0CEE-45B4-9F6A-6AB6B9D0F233}"
EndProject
Project("{FAE04EC0-301F-11D3-BF4B-00C04F79EFBC}") = "GameTools.NPCAccess", "ResourceAccess\GameTools.NPCAccess\GameTools.NPCAccess.csproj", "{2DD8F531-8FBD-4226-AFE1-80CE4F569A04}"
EndProject
Project("{FAE04EC0-301F-11D3-BF4B-00C04F79EFBC}") = "GameTools.DiceEngine", "Engines\GameTools.DiceEngine\GameTools.DiceEngine.csproj", "{E829A227-7E84-4C44-A3DF-890DAE427778}"
EndProject
Project("{FAE04EC0-301F-11D3-BF4B-00C04F79EFBC}") = "GameTools.TownsfolkManager", "Managers\GameTools.TownsfolkManager\GameTools.TownsfolkManager.csproj", "{72120537-61B6-4590-930B-0542E03DC576}"
EndProject
Project("{FAE04EC0-301F-11D3-BF4B-00C04F79EFBC}") = "GameTools.RulesetAccess", "ResourceAccess\GameTools.RulesetAccess\GameTools.RulesetAccess.csproj", "{829FA022-8045-46BD-9A8B-2A19EB2FE016}"
EndProject
Project("{2150E333-8FDC-42A3-9474-1A3956D46DE8}") = "Tests", "Tests", "{AAB96EF5-4EDB-4869-8A8A-67E2B15F7968}"
EndProject
Project("{FAE04EC0-301F-11D3-BF4B-00C04F79EFBC}") = "GameTools.DiceEngine.Tests", "tests\GameTools.DiceEngine.Tests\GameTools.DiceEngine.Tests.csproj", "{D1FA08F0-3ABF-40F2-998B-F79F324B7DE1}"
EndProject
Project("{FAE04EC0-301F-11D3-BF4B-00C04F79EFBC}") = "DiceTestConsole", "DiceTestConsole\DiceTestConsole.csproj", "{F912C61F-C539-4B6C-8FD1-85EC232E5F46}"
EndProject
Global
	GlobalSection(SolutionConfigurationPlatforms) = preSolution
		Debug|Any CPU = Debug|Any CPU
		Release|Any CPU = Release|Any CPU
	EndGlobalSection
	GlobalSection(ProjectConfigurationPlatforms) = postSolution
		{99B429E2-F866-48F0-A1BB-62D8067FC0F7}.Debug|Any CPU.ActiveCfg = Debug|Any CPU
		{99B429E2-F866-48F0-A1BB-62D8067FC0F7}.Debug|Any CPU.Build.0 = Debug|Any CPU
		{99B429E2-F866-48F0-A1BB-62D8067FC0F7}.Release|Any CPU.ActiveCfg = Release|Any CPU
		{99B429E2-F866-48F0-A1BB-62D8067FC0F7}.Release|Any CPU.Build.0 = Release|Any CPU
		{2DD8F531-8FBD-4226-AFE1-80CE4F569A04}.Debug|Any CPU.ActiveCfg = Debug|Any CPU
		{2DD8F531-8FBD-4226-AFE1-80CE4F569A04}.Debug|Any CPU.Build.0 = Debug|Any CPU
		{2DD8F531-8FBD-4226-AFE1-80CE4F569A04}.Release|Any CPU.ActiveCfg = Release|Any CPU
		{2DD8F531-8FBD-4226-AFE1-80CE4F569A04}.Release|Any CPU.Build.0 = Release|Any CPU
		{E829A227-7E84-4C44-A3DF-890DAE427778}.Debug|Any CPU.ActiveCfg = Debug|Any CPU
		{E829A227-7E84-4C44-A3DF-890DAE427778}.Debug|Any CPU.Build.0 = Debug|Any CPU
		{E829A227-7E84-4C44-A3DF-890DAE427778}.Release|Any CPU.ActiveCfg = Release|Any CPU
		{E829A227-7E84-4C44-A3DF-890DAE427778}.Release|Any CPU.Build.0 = Release|Any CPU
		{72120537-61B6-4590-930B-0542E03DC576}.Debug|Any CPU.ActiveCfg = Debug|Any CPU
		{72120537-61B6-4590-930B-0542E03DC576}.Debug|Any CPU.Build.0 = Debug|Any CPU
		{72120537-61B6-4590-930B-0542E03DC576}.Release|Any CPU.ActiveCfg = Release|Any CPU
		{72120537-61B6-4590-930B-0542E03DC576}.Release|Any CPU.Build.0 = Release|Any CPU
		{829FA022-8045-46BD-9A8B-2A19EB2FE016}.Debug|Any CPU.ActiveCfg = Debug|Any CPU
		{829FA022-8045-46BD-9A8B-2A19EB2FE016}.Debug|Any CPU.Build.0 = Debug|Any CPU
		{829FA022-8045-46BD-9A8B-2A19EB2FE016}.Release|Any CPU.ActiveCfg = Release|Any CPU
		{829FA022-8045-46BD-9A8B-2A19EB2FE016}.Release|Any CPU.Build.0 = Release|Any CPU
		{D1FA08F0-3ABF-40F2-998B-F79F324B7DE1}.Debug|Any CPU.ActiveCfg = Debug|Any CPU
		{D1FA08F0-3ABF-40F2-998B-F79F324B7DE1}.Debug|Any CPU.Build.0 = Debug|Any CPU
		{D1FA08F0-3ABF-40F2-998B-F79F324B7DE1}.Release|Any CPU.ActiveCfg = Release|Any CPU
		{D1FA08F0-3ABF-40F2-998B-F79F324B7DE1}.Release|Any CPU.Build.0 = Release|Any CPU
		{F912C61F-C539-4B6C-8FD1-85EC232E5F46}.Debug|Any CPU.ActiveCfg = Debug|Any CPU
		{F912C61F-C539-4B6C-8FD1-85EC232E5F46}.Debug|Any CPU.Build.0 = Debug|Any CPU
		{F912C61F-C539-4B6C-8FD1-85EC232E5F46}.Release|Any CPU.ActiveCfg = Release|Any CPU
		{F912C61F-C539-4B6C-8FD1-85EC232E5F46}.Release|Any CPU.Build.0 = Release|Any CPU
	EndGlobalSection
	GlobalSection(SolutionProperties) = preSolution
		HideSolutionNode = FALSE
	EndGlobalSection
	GlobalSection(NestedProjects) = preSolution
		{2DD8F531-8FBD-4226-AFE1-80CE4F569A04} = {3609EDE8-0CEE-45B4-9F6A-6AB6B9D0F233}
		{E829A227-7E84-4C44-A3DF-890DAE427778} = {59A01CD5-198B-4954-8433-04FC7AB8EED0}
		{72120537-61B6-4590-930B-0542E03DC576} = {062DED4C-E3FF-4F85-BC56-E17E16EFD3A0}
		{829FA022-8045-46BD-9A8B-2A19EB2FE016} = {3609EDE8-0CEE-45B4-9F6A-6AB6B9D0F233}
		{D1FA08F0-3ABF-40F2-998B-F79F324B7DE1} = {AAB96EF5-4EDB-4869-8A8A-67E2B15F7968}
	EndGlobalSection
EndGlobal
